{
  "version": 4,
  "terraform_version": "1.3.4",
  "serial": 53,
  "lineage": "8f3bb788-1c67-76ea-4b74-f950e1c8e803",
  "outputs": {},
  "resources": [
    {
      "mode": "managed",
      "type": "digitalocean_domain",
      "name": "nethousing",
      "provider": "provider[\"registry.terraform.io/digitalocean/digitalocean\"]",
      "instances": [
        {
          "schema_version": 0,
          "attributes": {
            "id": "nethousing.io",
            "ip_address": "143.198.96.222",
            "name": "nethousing.io",
            "ttl": 1800,
            "urn": "do:domain:nethousing.io"
          },
          "sensitive_attributes": [],
          "private": "bnVsbA==",
          "dependencies": [
            "digitalocean_droplet.QND12",
            "digitalocean_ssh_key.qnd12"
          ]
        }
      ]
    },
    {
      "mode": "managed",
      "type": "digitalocean_droplet",
      "name": "QND12",
      "provider": "provider[\"registry.terraform.io/digitalocean/digitalocean\"]",
      "instances": [
        {
          "schema_version": 1,
          "attributes": {
            "backups": false,
            "created_at": "2023-02-25T20:29:23Z",
            "disk": 60,
            "droplet_agent": null,
            "graceful_shutdown": false,
            "id": "342642647",
            "image": "ubuntu-22-04-x64",
            "ipv4_address": "143.198.96.222",
            "ipv4_address_private": "10.124.0.2",
            "ipv6": false,
            "ipv6_address": "",
            "locked": false,
            "memory": 2048,
            "monitoring": false,
            "name": "QND12",
            "price_hourly": 0.02679,
            "price_monthly": 18,
            "private_networking": true,
            "region": "sfo3",
            "resize_disk": true,
            "size": "s-2vcpu-2gb",
            "ssh_keys": [
              "d4:cb:86:d4:cb:59:64:4e:80:c9:5d:60:00:bf:ec:86"
            ],
            "status": "active",
            "tags": null,
            "timeouts": null,
            "urn": "do:droplet:342642647",
            "user_data": "bafa6dff52d3c0cf7360d01ca28d8ed037b15a4b",
            "vcpus": 2,
            "volume_ids": [],
            "vpc_uuid": "9d8418ce-1876-4a0f-bbf4-4d89e17d26ae"
          },
          "sensitive_attributes": [],
          "private": "eyJlMmJmYjczMC1lY2FhLTExZTYtOGY4OC0zNDM2M2JjN2M0YzAiOnsiY3JlYXRlIjozNjAwMDAwMDAwMDAwLCJkZWxldGUiOjYwMDAwMDAwMDAwLCJ1cGRhdGUiOjM2MDAwMDAwMDAwMDB9LCJzY2hlbWFfdmVyc2lvbiI6IjEifQ==",
          "dependencies": [
            "digitalocean_ssh_key.qnd12"
          ]
        }
      ]
    },
    {
      "mode": "managed",
      "type": "digitalocean_record",
      "name": "www",
      "provider": "provider[\"registry.terraform.io/digitalocean/digitalocean\"]",
      "instances": [
        {
          "schema_version": 0,
          "attributes": {
            "domain": "nethousing.io",
            "flags": 0,
            "fqdn": "nethousing.nethousing.io",
            "id": "364284814",
            "name": "nethousing",
            "port": 0,
            "priority": 0,
            "tag": "",
            "ttl": 50,
            "type": "A",
            "value": "143.198.96.222",
            "weight": 0
          },
          "sensitive_attributes": [],
          "private": "bnVsbA==",
          "dependencies": [
            "digitalocean_domain.nethousing",
            "digitalocean_droplet.QND12",
            "digitalocean_ssh_key.qnd12"
          ]
        }
      ]
    },
    {
      "mode": "managed",
      "type": "digitalocean_spaces_bucket",
      "name": "qnd12-staticfiles",
      "provider": "provider[\"registry.terraform.io/digitalocean/digitalocean\"]",
      "instances": [
        {
          "schema_version": 0,
          "attributes": {
            "acl": "public-read",
            "bucket_domain_name": "qnd12-staticfiles.sfo3.digitaloceanspaces.com",
            "cors_rule": [],
            "force_destroy": false,
            "id": "qnd12-staticfiles",
            "lifecycle_rule": [],
            "name": "qnd12-staticfiles",
            "region": "sfo3",
            "urn": "do:space:qnd12-staticfiles",
            "versioning": [
              {
                "enabled": false
              }
            ]
          },
          "sensitive_attributes": [],
          "private": "bnVsbA=="
        }
      ]
    },
    {
      "mode": "managed",
      "type": "digitalocean_ssh_key",
      "name": "qnd12",
      "provider": "provider[\"registry.terraform.io/digitalocean/digitalocean\"]",
      "instances": [
        {
          "schema_version": 0,
          "attributes": {
            "fingerprint": "d4:cb:86:d4:cb:59:64:4e:80:c9:5d:60:00:bf:ec:86",
            "id": "37632634",
            "name": "qnd12",
            "public_key": "ssh-rsa AAAAB3NzaC1yc2EAAAADAQABAAABgQDZubo7seISuKkM2ySBQ9mC01eDgbq+CE2Cl8BhJOqmmqkldcjDrjlpE1yKjoT5uc8erDxwJVnVDV1fvDXYL6qvw1+eZuM/ft34NGCmyAt0lS6BmnxjI5J83SKEW2qxSUWLIoXo3MJYvVT2mBZ+9UtzV5ANWf+pjqX74V0x65lmFl6TzqwdYHcZvHMGDUdLDDZMWVdBEPOQswHReHsWSY1fGjvjHr7AC/DU3vlXMxOazeJMb1ic9U/Gx4E1OaPPMHW7A8nOoH8y09xeSMPf05u34YuiBcs9apD5OJtLGt9XWJlC6OGeC/KtbgMlIU++8nTUfVfP83q3y5lHtaKg2RonthY3/HyBte7KgrRy7iby33Wm12Bmsw8vcCHXrH5lZPApX1G7QhzwyfgAEyHRFvvkqjyEBIPIixzVE23VKvVFgrOZuRlsx9qyD9bWPDhh5LkLHOhJUkJK1Io7PmvPpBdiS0g9KjraYEzUibvXNrQVFawnpxljFwcW3nPfHZhDhy8= smartquail@MacBook-Air-de-smartquail.local"
          },
          "sensitive_attributes": [],
          "private": "bnVsbA=="
        }
      ]
    }
  ],
  "check_results": null
}
